
Microsoft Visual Studio Solution File, Format Version 12.00
# Visual Studio Version 17
VisualStudioVersion = 17.9.34607.119
MinimumVisualStudioVersion = 10.0.40219.1
Project("{FAE04EC0-301F-11D3-BF4B-00C04F79EFBC}") = "CodePulse", "CodePulse\CodePulse.csproj", "{91839EF7-6893-4E32-8B3C-44B12E58F9AA}"
EndProject
Global
	GlobalSection(SolutionConfigurationPlatforms) = preSolution
		Debug|Any CPU = Debug|Any CPU
		Release|Any CPU = Release|Any CPU
	EndGlobalSection
	GlobalSection(ProjectConfigurationPlatforms) = postSolution
		{91839EF7-6893-4E32-8B3C-44B12E58F9AA}.Debug|Any CPU.ActiveCfg = Debug|Any CPU
		{91839EF7-6893-4E32-8B3C-44B12E58F9AA}.Debug|Any CPU.Build.0 = Debug|Any CPU
		{91839EF7-6893-4E32-8B3C-44B12E58F9AA}.Release|Any CPU.ActiveCfg = Release|Any CPU
		{91839EF7-6893-4E32-8B3C-44B12E58F9AA}.Release|Any CPU.Build.0 = Release|Any CPU
	EndGlobalSection
	GlobalSection(SolutionProperties) = preSolution
		HideSolutionNode = FALSE
	EndGlobalSection
	GlobalSection(ExtensibilityGlobals) = postSolution
		SolutionGuid = {46B0C473-F9B1-4024-95F5-21FDF3A2CE47}
	EndGlobalSection
EndGlobal
